
Microsoft Visual Studio Solution File, Format Version 12.00
# Visual Studio 15
VisualStudioVersion = 15.0.27428.2043
MinimumVisualStudioVersion = 10.0.40219.1
Project("{FAE04EC0-301F-11D3-BF4B-00C04F79EFBC}") = "GitBasicDemo", "GitBasicDemo\GitBasicDemo.csproj", "{F7A5B27B-1FD9-4C0B-8167-125ADE1D5E52}"
EndProject
Global
	GlobalSection(SolutionConfigurationPlatforms) = preSolution
		Debug|Any CPU = Debug|Any CPU
		Release|Any CPU = Release|Any CPU
	EndGlobalSection
	GlobalSection(ProjectConfigurationPlatforms) = postSolution
		{F7A5B27B-1FD9-4C0B-8167-125ADE1D5E52}.Debug|Any CPU.ActiveCfg = Debug|Any CPU
		{F7A5B27B-1FD9-4C0B-8167-125ADE1D5E52}.Debug|Any CPU.Build.0 = Debug|Any CPU
		{F7A5B27B-1FD9-4C0B-8167-125ADE1D5E52}.Release|Any CPU.ActiveCfg = Release|Any CPU
		{F7A5B27B-1FD9-4C0B-8167-125ADE1D5E52}.Release|Any CPU.Build.0 = Release|Any CPU
	EndGlobalSection
	GlobalSection(SolutionProperties) = preSolution
		HideSolutionNode = FALSE
	EndGlobalSection
	GlobalSection(ExtensibilityGlobals) = postSolution
		SolutionGuid = {7F2D9AFD-DB6C-4B5C-BCD4-09B9810EAD43}
	EndGlobalSection
EndGlobal
